// !$*UTF8*$!
{
	archiveVersion = 1;
	classes = {
	};
	objectVersion = 46;
	objects = {

/* Begin PBXBuildFile section */
		1826CF951FB2B2CD0058E637 /* JWNaviBarButton.swift in Sources */ = {isa = PBXBuildFile; fileRef = 1826CF941FB2B2CD0058E637 /* JWNaviBarButton.swift */; };
		1826CF991FB2DD750058E637 /* JWUserIntegralViewController.swift in Sources */ = {isa = PBXBuildFile; fileRef = 1826CF971FB2DD750058E637 /* JWUserIntegralViewController.swift */; };
		1826CF9A1FB2DD750058E637 /* JWUserIntegralViewController.xib in Resources */ = {isa = PBXBuildFile; fileRef = 1826CF981FB2DD750058E637 /* JWUserIntegralViewController.xib */; };
		1826CF9D1FB2DF490058E637 /* JWSignInViewController.swift in Sources */ = {isa = PBXBuildFile; fileRef = 1826CF9B1FB2DF490058E637 /* JWSignInViewController.swift */; };
		1826CF9E1FB2DF490058E637 /* JWSignInViewController.xib in Resources */ = {isa = PBXBuildFile; fileRef = 1826CF9C1FB2DF490058E637 /* JWSignInViewController.xib */; };
		1826CFA11FB2DF620058E637 /* JWUserTopicViewController.swift in Sources */ = {isa = PBXBuildFile; fileRef = 1826CF9F1FB2DF620058E637 /* JWUserTopicViewController.swift */; };
		1826CFA21FB2DF620058E637 /* JWUserTopicViewController.xib in Resources */ = {isa = PBXBuildFile; fileRef = 1826CFA01FB2DF620058E637 /* JWUserTopicViewController.xib */; };
		1826CFA51FB2DF700058E637 /* JWuserActivityViewController.swift in Sources */ = {isa = PBXBuildFile; fileRef = 1826CFA31FB2DF700058E637 /* JWuserActivityViewController.swift */; };
		1826CFA61FB2DF700058E637 /* JWuserActivityViewController.xib in Resources */ = {isa = PBXBuildFile; fileRef = 1826CFA41FB2DF700058E637 /* JWuserActivityViewController.xib */; };
		1826CFA91FB2DF830058E637 /* JWIntegralShopViewController.swift in Sources */ = {isa = PBXBuildFile; fileRef = 1826CFA71FB2DF830058E637 /* JWIntegralShopViewController.swift */; };
		1826CFAA1FB2DF830058E637 /* JWIntegralShopViewController.xib in Resources */ = {isa = PBXBuildFile; fileRef = 1826CFA81FB2DF830058E637 /* JWIntegralShopViewController.xib */; };
		1826CFAD1FB2DF950058E637 /* JWUserFansViewController.swift in Sources */ = {isa = PBXBuildFile; fileRef = 1826CFAB1FB2DF950058E637 /* JWUserFansViewController.swift */; };
		1826CFAE1FB2DF950058E637 /* JWUserFansViewController.xib in Resources */ = {isa = PBXBuildFile; fileRef = 1826CFAC1FB2DF950058E637 /* JWUserFansViewController.xib */; };
		1826CFB11FB2DFB30058E637 /* JWUserDynamicViewController.swift in Sources */ = {isa = PBXBuildFile; fileRef = 1826CFAF1FB2DFB30058E637 /* JWUserDynamicViewController.swift */; };
		1826CFB21FB2DFB30058E637 /* JWUserDynamicViewController.xib in Resources */ = {isa = PBXBuildFile; fileRef = 1826CFB01FB2DFB30058E637 /* JWUserDynamicViewController.xib */; };
		1826CFB51FB2DFC30058E637 /* JWUserCollectionViewController.swift in Sources */ = {isa = PBXBuildFile; fileRef = 1826CFB31FB2DFC30058E637 /* JWUserCollectionViewController.swift */; };
		1826CFB61FB2DFC30058E637 /* JWUserCollectionViewController.xib in Resources */ = {isa = PBXBuildFile; fileRef = 1826CFB41FB2DFC30058E637 /* JWUserCollectionViewController.xib */; };
		1826CFB91FB2DFCF0058E637 /* JWUserOrderViewController.swift in Sources */ = {isa = PBXBuildFile; fileRef = 1826CFB71FB2DFCF0058E637 /* JWUserOrderViewController.swift */; };
		1826CFBA1FB2DFCF0058E637 /* JWUserOrderViewController.xib in Resources */ = {isa = PBXBuildFile; fileRef = 1826CFB81FB2DFCF0058E637 /* JWUserOrderViewController.xib */; };
		1826CFBD1FB2DFE40058E637 /* JWSysNotificationViewController.swift in Sources */ = {isa = PBXBuildFile; fileRef = 1826CFBB1FB2DFE40058E637 /* JWSysNotificationViewController.swift */; };
		1826CFBE1FB2DFE40058E637 /* JWSysNotificationViewController.xib in Resources */ = {isa = PBXBuildFile; fileRef = 1826CFBC1FB2DFE40058E637 /* JWSysNotificationViewController.xib */; };
		1826CFC11FB2DFF60058E637 /* JWUserMessageViewController.swift in Sources */ = {isa = PBXBuildFile; fileRef = 1826CFBF1FB2DFF60058E637 /* JWUserMessageViewController.swift */; };
		1826CFC21FB2DFF60058E637 /* JWUserMessageViewController.xib in Resources */ = {isa = PBXBuildFile; fileRef = 1826CFC01FB2DFF60058E637 /* JWUserMessageViewController.xib */; };
		1826CFC51FB2E0030058E637 /* JWUserSettingViewController.swift in Sources */ = {isa = PBXBuildFile; fileRef = 1826CFC31FB2E0030058E637 /* JWUserSettingViewController.swift */; };
		1826CFC61FB2E0030058E637 /* JWUserSettingViewController.xib in Resources */ = {isa = PBXBuildFile; fileRef = 1826CFC41FB2E0030058E637 /* JWUserSettingViewController.xib */; };
		1826CFC91FB2E0100058E637 /* JWUserPhoneCheckViewController.swift in Sources */ = {isa = PBXBuildFile; fileRef = 1826CFC71FB2E0100058E637 /* JWUserPhoneCheckViewController.swift */; };
		1826CFCA1FB2E0100058E637 /* JWUserPhoneCheckViewController.xib in Resources */ = {isa = PBXBuildFile; fileRef = 1826CFC81FB2E0100058E637 /* JWUserPhoneCheckViewController.xib */; };
		1826CFCD1FB2E03E0058E637 /* JWUserEditViewController.swift in Sources */ = {isa = PBXBuildFile; fileRef = 1826CFCB1FB2E03E0058E637 /* JWUserEditViewController.swift */; };
		1826CFCE1FB2E03E0058E637 /* JWUserEditViewController.xib in Resources */ = {isa = PBXBuildFile; fileRef = 1826CFCC1FB2E03E0058E637 /* JWUserEditViewController.xib */; };
		184B07C41FB147BD00B7C016 /* JWSwiftConst.swift in Sources */ = {isa = PBXBuildFile; fileRef = 184B07C31FB147BD00B7C016 /* JWSwiftConst.swift */; };
		184B07C81FB158A900B7C016 /* JWFontAdaptor.swift in Sources */ = {isa = PBXBuildFile; fileRef = 184B07C71FB158A900B7C016 /* JWFontAdaptor.swift */; };
		184B07CA1FB15C4800B7C016 /* JWLabel.swift in Sources */ = {isa = PBXBuildFile; fileRef = 184B07C91FB15C4800B7C016 /* JWLabel.swift */; };
		184B07CC1FB15C5700B7C016 /* JWButton.swift in Sources */ = {isa = PBXBuildFile; fileRef = 184B07CB1FB15C5700B7C016 /* JWButton.swift */; };
		184B07CE1FB15C6C00B7C016 /* JWTextView.swift in Sources */ = {isa = PBXBuildFile; fileRef = 184B07CD1FB15C6C00B7C016 /* JWTextView.swift */; };
		184B07D01FB15C7A00B7C016 /* JWTextField.swift in Sources */ = {isa = PBXBuildFile; fileRef = 184B07CF1FB15C7A00B7C016 /* JWTextField.swift */; };
		18D234951EBAFF6A00BF855D /* AppDelegate.swift in Sources */ = {isa = PBXBuildFile; fileRef = 18D234941EBAFF6A00BF855D /* AppDelegate.swift */; };
		18D2349C1EBAFF6A00BF855D /* Assets.xcassets in Resources */ = {isa = PBXBuildFile; fileRef = 18D2349B1EBAFF6A00BF855D /* Assets.xcassets */; };
		18D2349F1EBAFF6A00BF855D /* LaunchScreen.storyboard in Resources */ = {isa = PBXBuildFile; fileRef = 18D2349D1EBAFF6A00BF855D /* LaunchScreen.storyboard */; };
		18D234A81EBB000E00BF855D /* JWBasicNaviViewController.swift in Sources */ = {isa = PBXBuildFile; fileRef = 18D234A71EBB000E00BF855D /* JWBasicNaviViewController.swift */; };
		18D234AA1EBB002A00BF855D /* JWBasicTabBarViewController.swift in Sources */ = {isa = PBXBuildFile; fileRef = 18D234A91EBB002A00BF855D /* JWBasicTabBarViewController.swift */; };
		18D234AC1EBB003E00BF855D /* JWBasicViewController.swift in Sources */ = {isa = PBXBuildFile; fileRef = 18D234AB1EBB003E00BF855D /* JWBasicViewController.swift */; };
		18D234B01EBB024700BF855D /* JWHomeViewController.swift in Sources */ = {isa = PBXBuildFile; fileRef = 18D234AE1EBB024700BF855D /* JWHomeViewController.swift */; };
		18D234B11EBB024700BF855D /* JWHomeViewController.xib in Resources */ = {isa = PBXBuildFile; fileRef = 18D234AF1EBB024700BF855D /* JWHomeViewController.xib */; };
		18D234B51EBB033B00BF855D /* JWHomeTableViewCell.swift in Sources */ = {isa = PBXBuildFile; fileRef = 18D234B31EBB033B00BF855D /* JWHomeTableViewCell.swift */; };
		18D234B61EBB033B00BF855D /* JWHomeTableViewCell.xib in Resources */ = {isa = PBXBuildFile; fileRef = 18D234B41EBB033B00BF855D /* JWHomeTableViewCell.xib */; };
		18D234B91EBB0B8900BF855D /* JWHomeModel.swift in Sources */ = {isa = PBXBuildFile; fileRef = 18D234B81EBB0B8900BF855D /* JWHomeModel.swift */; };
		18D234BB1EBB0C4C00BF855D /* JWHomeDetailModel.swift in Sources */ = {isa = PBXBuildFile; fileRef = 18D234BA1EBB0C4C00BF855D /* JWHomeDetailModel.swift */; };
		18D234BE1EBB12EC00BF855D /* JWHomeCollectionViewCell.swift in Sources */ = {isa = PBXBuildFile; fileRef = 18D234BC1EBB12EC00BF855D /* JWHomeCollectionViewCell.swift */; };
		18D234BF1EBB12EC00BF855D /* JWHomeCollectionViewCell.xib in Resources */ = {isa = PBXBuildFile; fileRef = 18D234BD1EBB12EC00BF855D /* JWHomeCollectionViewCell.xib */; };
		18D234C21EBB136C00BF855D /* JWHomeDetailViewController.swift in Sources */ = {isa = PBXBuildFile; fileRef = 18D234C01EBB136C00BF855D /* JWHomeDetailViewController.swift */; };
		18D234C31EBB136C00BF855D /* JWHomeDetailViewController.xib in Resources */ = {isa = PBXBuildFile; fileRef = 18D234C11EBB136C00BF855D /* JWHomeDetailViewController.xib */; };
		18D234C71EBB1C4700BF855D /* JWToolViewController.swift in Sources */ = {isa = PBXBuildFile; fileRef = 18D234C51EBB1C4700BF855D /* JWToolViewController.swift */; };
		18D234C81EBB1C4700BF855D /* JWToolViewController.xib in Resources */ = {isa = PBXBuildFile; fileRef = 18D234C61EBB1C4700BF855D /* JWToolViewController.xib */; };
		18D234CC1EBB1C7B00BF855D /* JWTopicViewController.swift in Sources */ = {isa = PBXBuildFile; fileRef = 18D234CA1EBB1C7B00BF855D /* JWTopicViewController.swift */; };
		18D234CD1EBB1C7B00BF855D /* JWTopicViewController.xib in Resources */ = {isa = PBXBuildFile; fileRef = 18D234CB1EBB1C7B00BF855D /* JWTopicViewController.xib */; };
		18D234D11EBB1C9600BF855D /* JWUserCenterViewController.swift in Sources */ = {isa = PBXBuildFile; fileRef = 18D234CF1EBB1C9600BF855D /* JWUserCenterViewController.swift */; };
		18D234D21EBB1C9600BF855D /* JWUserCenterViewController.xib in Resources */ = {isa = PBXBuildFile; fileRef = 18D234D01EBB1C9600BF855D /* JWUserCenterViewController.xib */; };
		18D234D61EBB1CBB00BF855D /* JWEntertainmentViewController.swift in Sources */ = {isa = PBXBuildFile; fileRef = 18D234D41EBB1CBB00BF855D /* JWEntertainmentViewController.swift */; };
		18D234D71EBB1CBB00BF855D /* JWEntertainmentViewController.xib in Resources */ = {isa = PBXBuildFile; fileRef = 18D234D51EBB1CBB00BF855D /* JWEntertainmentViewController.xib */; };
		18D234D91EBB26FC00BF855D /* JWHomeDetailsModel.swift in Sources */ = {isa = PBXBuildFile; fileRef = 18D234D81EBB26FC00BF855D /* JWHomeDetailsModel.swift */; };
		18F122281EBC3D490060FBF5 /* JWTools.swift in Sources */ = {isa = PBXBuildFile; fileRef = 18F122271EBC3D490060FBF5 /* JWTools.swift */; };
		197E37B7925F1672172CC14B /* libPods-SwiftDemo.a in Frameworks */ = {isa = PBXBuildFile; fileRef = A580373AAE1FCA03A196884D /* libPods-SwiftDemo.a */; };
/* End PBXBuildFile section */

/* Begin PBXFileReference section */
		1826CF941FB2B2CD0058E637 /* JWNaviBarButton.swift */ = {isa = PBXFileReference; lastKnownFileType = sourcecode.swift; path = JWNaviBarButton.swift; sourceTree = "<group>"; };
		1826CF971FB2DD750058E637 /* JWUserIntegralViewController.swift */ = {isa = PBXFileReference; lastKnownFileType = sourcecode.swift; path = JWUserIntegralViewController.swift; sourceTree = "<group>"; };
		1826CF981FB2DD750058E637 /* JWUserIntegralViewController.xib */ = {isa = PBXFileReference; lastKnownFileType = file.xib; path = JWUserIntegralViewController.xib; sourceTree = "<group>"; };
		1826CF9B1FB2DF490058E637 /* JWSignInViewController.swift */ = {isa = PBXFileReference; lastKnownFileType = sourcecode.swift; path = JWSignInViewController.swift; sourceTree = "<group>"; };
		1826CF9C1FB2DF490058E637 /* JWSignInViewController.xib */ = {isa = PBXFileReference; lastKnownFileType = file.xib; path = JWSignInViewController.xib; sourceTree = "<group>"; };
		1826CF9F1FB2DF620058E637 /* JWUserTopicViewController.swift */ = {isa = PBXFileReference; lastKnownFileType = sourcecode.swift; path = JWUserTopicViewController.swift; sourceTree = "<group>"; };
		1826CFA01FB2DF620058E637 /* JWUserTopicViewController.xib */ = {isa = PBXFileReference; lastKnownFileType = file.xib; path = JWUserTopicViewController.xib; sourceTree = "<group>"; };
		1826CFA31FB2DF700058E637 /* JWuserActivityViewController.swift */ = {isa = PBXFileReference; lastKnownFileType = sourcecode.swift; path = JWuserActivityViewController.swift; sourceTree = "<group>"; };
		1826CFA41FB2DF700058E637 /* JWuserActivityViewController.xib */ = {isa = PBXFileReference; lastKnownFileType = file.xib; path = JWuserActivityViewController.xib; sourceTree = "<group>"; };
		1826CFA71FB2DF830058E637 /* JWIntegralShopViewController.swift */ = {isa = PBXFileReference; lastKnownFileType = sourcecode.swift; path = JWIntegralShopViewController.swift; sourceTree = "<group>"; };
		1826CFA81FB2DF830058E637 /* JWIntegralShopViewController.xib */ = {isa = PBXFileReference; lastKnownFileType = file.xib; path = JWIntegralShopViewController.xib; sourceTree = "<group>"; };
		1826CFAB1FB2DF950058E637 /* JWUserFansViewController.swift */ = {isa = PBXFileReference; lastKnownFileType = sourcecode.swift; path = JWUserFansViewController.swift; sourceTree = "<group>"; };
		1826CFAC1FB2DF950058E637 /* JWUserFansViewController.xib */ = {isa = PBXFileReference; lastKnownFileType = file.xib; path = JWUserFansViewController.xib; sourceTree = "<group>"; };
		1826CFAF1FB2DFB30058E637 /* JWUserDynamicViewController.swift */ = {isa = PBXFileReference; lastKnownFileType = sourcecode.swift; path = JWUserDynamicViewController.swift; sourceTree = "<group>"; };
		1826CFB01FB2DFB30058E637 /* JWUserDynamicViewController.xib */ = {isa = PBXFileReference; lastKnownFileType = file.xib; path = JWUserDynamicViewController.xib; sourceTree = "<group>"; };
		1826CFB31FB2DFC30058E637 /* JWUserCollectionViewController.swift */ = {isa = PBXFileReference; lastKnownFileType = sourcecode.swift; path = JWUserCollectionViewController.swift; sourceTree = "<group>"; };
		1826CFB41FB2DFC30058E637 /* JWUserCollectionViewController.xib */ = {isa = PBXFileReference; lastKnownFileType = file.xib; path = JWUserCollectionViewController.xib; sourceTree = "<group>"; };
		1826CFB71FB2DFCF0058E637 /* JWUserOrderViewController.swift */ = {isa = PBXFileReference; lastKnownFileType = sourcecode.swift; path = JWUserOrderViewController.swift; sourceTree = "<group>"; };
		1826CFB81FB2DFCF0058E637 /* JWUserOrderViewController.xib */ = {isa = PBXFileReference; lastKnownFileType = file.xib; path = JWUserOrderViewController.xib; sourceTree = "<group>"; };
		1826CFBB1FB2DFE40058E637 /* JWSysNotificationViewController.swift */ = {isa = PBXFileReference; lastKnownFileType = sourcecode.swift; path = JWSysNotificationViewController.swift; sourceTree = "<group>"; };
		1826CFBC1FB2DFE40058E637 /* JWSysNotificationViewController.xib */ = {isa = PBXFileReference; lastKnownFileType = file.xib; path = JWSysNotificationViewController.xib; sourceTree = "<group>"; };
		1826CFBF1FB2DFF60058E637 /* JWUserMessageViewController.swift */ = {isa = PBXFileReference; lastKnownFileType = sourcecode.swift; path = JWUserMessageViewController.swift; sourceTree = "<group>"; };
		1826CFC01FB2DFF60058E637 /* JWUserMessageViewController.xib */ = {isa = PBXFileReference; lastKnownFileType = file.xib; path = JWUserMessageViewController.xib; sourceTree = "<group>"; };
		1826CFC31FB2E0030058E637 /* JWUserSettingViewController.swift */ = {isa = PBXFileReference; lastKnownFileType = sourcecode.swift; path = JWUserSettingViewController.swift; sourceTree = "<group>"; };
		1826CFC41FB2E0030058E637 /* JWUserSettingViewController.xib */ = {isa = PBXFileReference; lastKnownFileType = file.xib; path = JWUserSettingViewController.xib; sourceTree = "<group>"; };
		1826CFC71FB2E0100058E637 /* JWUserPhoneCheckViewController.swift */ = {isa = PBXFileReference; lastKnownFileType = sourcecode.swift; path = JWUserPhoneCheckViewController.swift; sourceTree = "<group>"; };
		1826CFC81FB2E0100058E637 /* JWUserPhoneCheckViewController.xib */ = {isa = PBXFileReference; lastKnownFileType = file.xib; path = JWUserPhoneCheckViewController.xib; sourceTree = "<group>"; };
		1826CFCB1FB2E03E0058E637 /* JWUserEditViewController.swift */ = {isa = PBXFileReference; lastKnownFileType = sourcecode.swift; path = JWUserEditViewController.swift; sourceTree = "<group>"; };
		1826CFCC1FB2E03E0058E637 /* JWUserEditViewController.xib */ = {isa = PBXFileReference; lastKnownFileType = file.xib; path = JWUserEditViewController.xib; sourceTree = "<group>"; };
		184B07C31FB147BD00B7C016 /* JWSwiftConst.swift */ = {isa = PBXFileReference; lastKnownFileType = sourcecode.swift; path = JWSwiftConst.swift; sourceTree = "<group>"; };
		184B07C71FB158A900B7C016 /* JWFontAdaptor.swift */ = {isa = PBXFileReference; lastKnownFileType = sourcecode.swift; path = JWFontAdaptor.swift; sourceTree = "<group>"; };
		184B07C91FB15C4800B7C016 /* JWLabel.swift */ = {isa = PBXFileReference; lastKnownFileType = sourcecode.swift; path = JWLabel.swift; sourceTree = "<group>"; };
		184B07CB1FB15C5700B7C016 /* JWButton.swift */ = {isa = PBXFileReference; lastKnownFileType = sourcecode.swift; path = JWButton.swift; sourceTree = "<group>"; };
		184B07CD1FB15C6C00B7C016 /* JWTextView.swift */ = {isa = PBXFileReference; lastKnownFileType = sourcecode.swift; path = JWTextView.swift; sourceTree = "<group>"; };
		184B07CF1FB15C7A00B7C016 /* JWTextField.swift */ = {isa = PBXFileReference; lastKnownFileType = sourcecode.swift; path = JWTextField.swift; sourceTree = "<group>"; };
		18D234911EBAFF6A00BF855D /* SwiftDemo.app */ = {isa = PBXFileReference; explicitFileType = wrapper.application; includeInIndex = 0; path = SwiftDemo.app; sourceTree = BUILT_PRODUCTS_DIR; };
		18D234941EBAFF6A00BF855D /* AppDelegate.swift */ = {isa = PBXFileReference; lastKnownFileType = sourcecode.swift; path = AppDelegate.swift; sourceTree = "<group>"; };
		18D2349B1EBAFF6A00BF855D /* Assets.xcassets */ = {isa = PBXFileReference; lastKnownFileType = folder.assetcatalog; path = Assets.xcassets; sourceTree = "<group>"; };
		18D2349E1EBAFF6A00BF855D /* Base */ = {isa = PBXFileReference; lastKnownFileType = file.storyboard; name = Base; path = Base.lproj/LaunchScreen.storyboard; sourceTree = "<group>"; };
		18D234A01EBAFF6A00BF855D /* Info.plist */ = {isa = PBXFileReference; lastKnownFileType = text.plist.xml; path = Info.plist; sourceTree = "<group>"; };
		18D234A71EBB000E00BF855D /* JWBasicNaviViewController.swift */ = {isa = PBXFileReference; fileEncoding = 4; lastKnownFileType = sourcecode.swift; path = JWBasicNaviViewController.swift; sourceTree = "<group>"; };
		18D234A91EBB002A00BF855D /* JWBasicTabBarViewController.swift */ = {isa = PBXFileReference; fileEncoding = 4; lastKnownFileType = sourcecode.swift; path = JWBasicTabBarViewController.swift; sourceTree = "<group>"; };
		18D234AB1EBB003E00BF855D /* JWBasicViewController.swift */ = {isa = PBXFileReference; fileEncoding = 4; lastKnownFileType = sourcecode.swift; path = JWBasicViewController.swift; sourceTree = "<group>"; };
		18D234AE1EBB024700BF855D /* JWHomeViewController.swift */ = {isa = PBXFileReference; fileEncoding = 4; lastKnownFileType = sourcecode.swift; path = JWHomeViewController.swift; sourceTree = "<group>"; };
		18D234AF1EBB024700BF855D /* JWHomeViewController.xib */ = {isa = PBXFileReference; fileEncoding = 4; lastKnownFileType = file.xib; path = JWHomeViewController.xib; sourceTree = "<group>"; };
		18D234B31EBB033B00BF855D /* JWHomeTableViewCell.swift */ = {isa = PBXFileReference; fileEncoding = 4; lastKnownFileType = sourcecode.swift; path = JWHomeTableViewCell.swift; sourceTree = "<group>"; };
		18D234B41EBB033B00BF855D /* JWHomeTableViewCell.xib */ = {isa = PBXFileReference; fileEncoding = 4; lastKnownFileType = file.xib; path = JWHomeTableViewCell.xib; sourceTree = "<group>"; };
		18D234B81EBB0B8900BF855D /* JWHomeModel.swift */ = {isa = PBXFileReference; fileEncoding = 4; lastKnownFileType = sourcecode.swift; path = JWHomeModel.swift; sourceTree = "<group>"; };
		18D234BA1EBB0C4C00BF855D /* JWHomeDetailModel.swift */ = {isa = PBXFileReference; fileEncoding = 4; lastKnownFileType = sourcecode.swift; path = JWHomeDetailModel.swift; sourceTree = "<group>"; };
		18D234BC1EBB12EC00BF855D /* JWHomeCollectionViewCell.swift */ = {isa = PBXFileReference; fileEncoding = 4; lastKnownFileType = sourcecode.swift; path = JWHomeCollectionViewCell.swift; sourceTree = "<group>"; };
		18D234BD1EBB12EC00BF855D /* JWHomeCollectionViewCell.xib */ = {isa = PBXFileReference; fileEncoding = 4; lastKnownFileType = file.xib; path = JWHomeCollectionViewCell.xib; sourceTree = "<group>"; };
		18D234C01EBB136C00BF855D /* JWHomeDetailViewController.swift */ = {isa = PBXFileReference; fileEncoding = 4; lastKnownFileType = sourcecode.swift; path = JWHomeDetailViewController.swift; sourceTree = "<group>"; };
		18D234C11EBB136C00BF855D /* JWHomeDetailViewController.xib */ = {isa = PBXFileReference; fileEncoding = 4; lastKnownFileType = file.xib; path = JWHomeDetailViewController.xib; sourceTree = "<group>"; };
		18D234C51EBB1C4700BF855D /* JWToolViewController.swift */ = {isa = PBXFileReference; fileEncoding = 4; lastKnownFileType = sourcecode.swift; path = JWToolViewController.swift; sourceTree = "<group>"; };
		18D234C61EBB1C4700BF855D /* JWToolViewController.xib */ = {isa = PBXFileReference; fileEncoding = 4; lastKnownFileType = file.xib; path = JWToolViewController.xib; sourceTree = "<group>"; };
		18D234CA1EBB1C7B00BF855D /* JWTopicViewController.swift */ = {isa = PBXFileReference; fileEncoding = 4; lastKnownFileType = sourcecode.swift; path = JWTopicViewController.swift; sourceTree = "<group>"; };
		18D234CB1EBB1C7B00BF855D /* JWTopicViewController.xib */ = {isa = PBXFileReference; fileEncoding = 4; lastKnownFileType = file.xib; path = JWTopicViewController.xib; sourceTree = "<group>"; };
		18D234CF1EBB1C9600BF855D /* JWUserCenterViewController.swift */ = {isa = PBXFileReference; fileEncoding = 4; lastKnownFileType = sourcecode.swift; path = JWUserCenterViewController.swift; sourceTree = "<group>"; };
		18D234D01EBB1C9600BF855D /* JWUserCenterViewController.xib */ = {isa = PBXFileReference; fileEncoding = 4; lastKnownFileType = file.xib; path = JWUserCenterViewController.xib; sourceTree = "<group>"; };
		18D234D41EBB1CBB00BF855D /* JWEntertainmentViewController.swift */ = {isa = PBXFileReference; fileEncoding = 4; lastKnownFileType = sourcecode.swift; path = JWEntertainmentViewController.swift; sourceTree = "<group>"; };
		18D234D51EBB1CBB00BF855D /* JWEntertainmentViewController.xib */ = {isa = PBXFileReference; fileEncoding = 4; lastKnownFileType = file.xib; path = JWEntertainmentViewController.xib; sourceTree = "<group>"; };
		18D234D81EBB26FC00BF855D /* JWHomeDetailsModel.swift */ = {isa = PBXFileReference; fileEncoding = 4; lastKnownFileType = sourcecode.swift; path = JWHomeDetailsModel.swift; sourceTree = "<group>"; };
		18F122271EBC3D490060FBF5 /* JWTools.swift */ = {isa = PBXFileReference; fileEncoding = 4; lastKnownFileType = sourcecode.swift; path = JWTools.swift; sourceTree = "<group>"; };
		6E6BEC557064CE8B5B69CD7B /* Pods-SwiftDemo.debug.xcconfig */ = {isa = PBXFileReference; includeInIndex = 1; lastKnownFileType = text.xcconfig; name = "Pods-SwiftDemo.debug.xcconfig"; path = "Pods/Target Support Files/Pods-SwiftDemo/Pods-SwiftDemo.debug.xcconfig"; sourceTree = "<group>"; };
		A580373AAE1FCA03A196884D /* libPods-SwiftDemo.a */ = {isa = PBXFileReference; explicitFileType = archive.ar; includeInIndex = 0; path = "libPods-SwiftDemo.a"; sourceTree = BUILT_PRODUCTS_DIR; };
		C769C33842D5474F8AD24A00 /* Pods-SwiftDemo.release.xcconfig */ = {isa = PBXFileReference; includeInIndex = 1; lastKnownFileType = text.xcconfig; name = "Pods-SwiftDemo.release.xcconfig"; path = "Pods/Target Support Files/Pods-SwiftDemo/Pods-SwiftDemo.release.xcconfig"; sourceTree = "<group>"; };
/* End PBXFileReference section */

/* Begin PBXFrameworksBuildPhase section */
		18D2348E1EBAFF6A00BF855D /* Frameworks */ = {
			isa = PBXFrameworksBuildPhase;
			buildActionMask = 2147483647;
			files = (
				197E37B7925F1672172CC14B /* libPods-SwiftDemo.a in Frameworks */,
			);
			runOnlyForDeploymentPostprocessing = 0;
		};
/* End PBXFrameworksBuildPhase section */

/* Begin PBXGroup section */
		1826CF931FB2B28C0058E637 /* UIBarButton */ = {
			isa = PBXGroup;
			children = (
				1826CF941FB2B2CD0058E637 /* JWNaviBarButton.swift */,
			);
			path = UIBarButton;
			sourceTree = "<group>";
		};
		182F15AE1FB3011C008D56C5 /* Model */ = {
			isa = PBXGroup;
			children = (
			);
			path = Model;
			sourceTree = "<group>";
		};
		182F15AF1FB3012A008D56C5 /* Cell */ = {
			isa = PBXGroup;
			children = (
				182F15B11FB3013B008D56C5 /* FooterView */,
				182F15B01FB30133008D56C5 /* HeaderView */,
			);
			path = Cell;
			sourceTree = "<group>";
		};
		182F15B01FB30133008D56C5 /* HeaderView */ = {
			isa = PBXGroup;
			children = (
			);
			path = HeaderView;
			sourceTree = "<group>";
		};
		182F15B11FB3013B008D56C5 /* FooterView */ = {
			isa = PBXGroup;
			children = (
			);
			path = FooterView;
			sourceTree = "<group>";
		};
		184B07BF1FB146A900B7C016 /* SupportFiles */ = {
			isa = PBXGroup;
			children = (
				184B07C31FB147BD00B7C016 /* JWSwiftConst.swift */,
			);
			path = SupportFiles;
			sourceTree = "<group>";
		};
		184B07C51FB1583300B7C016 /* Tools */ = {
			isa = PBXGroup;
			children = (
				1826CF931FB2B28C0058E637 /* UIBarButton */,
				184B07C61FB1588C00B7C016 /* Font */,
			);
			path = Tools;
			sourceTree = "<group>";
		};
		184B07C61FB1588C00B7C016 /* Font */ = {
			isa = PBXGroup;
			children = (
				184B07C71FB158A900B7C016 /* JWFontAdaptor.swift */,
				184B07C91FB15C4800B7C016 /* JWLabel.swift */,
				184B07CB1FB15C5700B7C016 /* JWButton.swift */,
				184B07CD1FB15C6C00B7C016 /* JWTextView.swift */,
				184B07CF1FB15C7A00B7C016 /* JWTextField.swift */,
			);
			path = Font;
			sourceTree = "<group>";
		};
		18D234881EBAFF6A00BF855D = {
			isa = PBXGroup;
			children = (
				18D234931EBAFF6A00BF855D /* SwiftDemo */,
				18D234921EBAFF6A00BF855D /* Products */,
				A782B28AEDC634F5F30B93EE /* Pods */,
				3FA783A7BEA418DB0C7E4853 /* Frameworks */,
			);
			sourceTree = "<group>";
		};
		18D234921EBAFF6A00BF855D /* Products */ = {
			isa = PBXGroup;
			children = (
				18D234911EBAFF6A00BF855D /* SwiftDemo.app */,
			);
			name = Products;
			sourceTree = "<group>";
		};
		18D234931EBAFF6A00BF855D /* SwiftDemo */ = {
			isa = PBXGroup;
			children = (
				184B07BF1FB146A900B7C016 /* SupportFiles */,
				18D234D31EBB1C9E00BF855D /* Entertainment */,
				18D234CE1EBB1C7F00BF855D /* UserCenter */,
				18D234C91EBB1C4F00BF855D /* Topic */,
				18D234C41EBB1C2E00BF855D /* ToolVC */,
				18D234AD1EBB01F600BF855D /* Home */,
				18D234A61EBAFFD300BF855D /* Common */,
				18D234941EBAFF6A00BF855D /* AppDelegate.swift */,
				18D2349B1EBAFF6A00BF855D /* Assets.xcassets */,
				18D2349D1EBAFF6A00BF855D /* LaunchScreen.storyboard */,
				18D234A01EBAFF6A00BF855D /* Info.plist */,
			);
			path = SwiftDemo;
			sourceTree = "<group>";
		};
		18D234A61EBAFFD300BF855D /* Common */ = {
			isa = PBXGroup;
			children = (
				184B07C51FB1583300B7C016 /* Tools */,
				18D234A71EBB000E00BF855D /* JWBasicNaviViewController.swift */,
				18D234A91EBB002A00BF855D /* JWBasicTabBarViewController.swift */,
				18D234AB1EBB003E00BF855D /* JWBasicViewController.swift */,
				18F122271EBC3D490060FBF5 /* JWTools.swift */,
			);
			path = Common;
			sourceTree = "<group>";
		};
		18D234AD1EBB01F600BF855D /* Home */ = {
			isa = PBXGroup;
			children = (
				18D234B71EBB0B6100BF855D /* Model */,
				18D234B21EBB031500BF855D /* Cell */,
				18D234AE1EBB024700BF855D /* JWHomeViewController.swift */,
				18D234AF1EBB024700BF855D /* JWHomeViewController.xib */,
				18D234C01EBB136C00BF855D /* JWHomeDetailViewController.swift */,
				18D234C11EBB136C00BF855D /* JWHomeDetailViewController.xib */,
			);
			path = Home;
			sourceTree = "<group>";
		};
		18D234B21EBB031500BF855D /* Cell */ = {
			isa = PBXGroup;
			children = (
				18D234B31EBB033B00BF855D /* JWHomeTableViewCell.swift */,
				18D234B41EBB033B00BF855D /* JWHomeTableViewCell.xib */,
				18D234BC1EBB12EC00BF855D /* JWHomeCollectionViewCell.swift */,
				18D234BD1EBB12EC00BF855D /* JWHomeCollectionViewCell.xib */,
			);
			path = Cell;
			sourceTree = "<group>";
		};
		18D234B71EBB0B6100BF855D /* Model */ = {
			isa = PBXGroup;
			children = (
				18D234B81EBB0B8900BF855D /* JWHomeModel.swift */,
				18D234BA1EBB0C4C00BF855D /* JWHomeDetailModel.swift */,
				18D234D81EBB26FC00BF855D /* JWHomeDetailsModel.swift */,
			);
			path = Model;
			sourceTree = "<group>";
		};
		18D234C41EBB1C2E00BF855D /* ToolVC */ = {
			isa = PBXGroup;
			children = (
				18D234C51EBB1C4700BF855D /* JWToolViewController.swift */,
				18D234C61EBB1C4700BF855D /* JWToolViewController.xib */,
			);
			path = ToolVC;
			sourceTree = "<group>";
		};
		18D234C91EBB1C4F00BF855D /* Topic */ = {
			isa = PBXGroup;
			children = (
				18D234CA1EBB1C7B00BF855D /* JWTopicViewController.swift */,
				18D234CB1EBB1C7B00BF855D /* JWTopicViewController.xib */,
			);
			path = Topic;
			sourceTree = "<group>";
		};
		18D234CE1EBB1C7F00BF855D /* UserCenter */ = {
			isa = PBXGroup;
			children = (
				182F15AF1FB3012A008D56C5 /* Cell */,
				182F15AE1FB3011C008D56C5 /* Model */,
				18D234CF1EBB1C9600BF855D /* JWUserCenterViewController.swift */,
				18D234D01EBB1C9600BF855D /* JWUserCenterViewController.xib */,
				1826CFCB1FB2E03E0058E637 /* JWUserEditViewController.swift */,
				1826CFCC1FB2E03E0058E637 /* JWUserEditViewController.xib */,
				1826CF971FB2DD750058E637 /* JWUserIntegralViewController.swift */,
				1826CF981FB2DD750058E637 /* JWUserIntegralViewController.xib */,
				1826CFA71FB2DF830058E637 /* JWIntegralShopViewController.swift */,
				1826CFA81FB2DF830058E637 /* JWIntegralShopViewController.xib */,
				1826CF9B1FB2DF490058E637 /* JWSignInViewController.swift */,
				1826CF9C1FB2DF490058E637 /* JWSignInViewController.xib */,
				1826CF9F1FB2DF620058E637 /* JWUserTopicViewController.swift */,
				1826CFA01FB2DF620058E637 /* JWUserTopicViewController.xib */,
				1826CFA31FB2DF700058E637 /* JWuserActivityViewController.swift */,
				1826CFA41FB2DF700058E637 /* JWuserActivityViewController.xib */,
				1826CFAB1FB2DF950058E637 /* JWUserFansViewController.swift */,
				1826CFAC1FB2DF950058E637 /* JWUserFansViewController.xib */,
				1826CFAF1FB2DFB30058E637 /* JWUserDynamicViewController.swift */,
				1826CFB01FB2DFB30058E637 /* JWUserDynamicViewController.xib */,
				1826CFB31FB2DFC30058E637 /* JWUserCollectionViewController.swift */,
				1826CFB41FB2DFC30058E637 /* JWUserCollectionViewController.xib */,
				1826CFB71FB2DFCF0058E637 /* JWUserOrderViewController.swift */,
				1826CFB81FB2DFCF0058E637 /* JWUserOrderViewController.xib */,
				1826CFBB1FB2DFE40058E637 /* JWSysNotificationViewController.swift */,
				1826CFBC1FB2DFE40058E637 /* JWSysNotificationViewController.xib */,
				1826CFBF1FB2DFF60058E637 /* JWUserMessageViewController.swift */,
				1826CFC01FB2DFF60058E637 /* JWUserMessageViewController.xib */,
				1826CFC31FB2E0030058E637 /* JWUserSettingViewController.swift */,
				1826CFC41FB2E0030058E637 /* JWUserSettingViewController.xib */,
				1826CFC71FB2E0100058E637 /* JWUserPhoneCheckViewController.swift */,
				1826CFC81FB2E0100058E637 /* JWUserPhoneCheckViewController.xib */,
			);
			path = UserCenter;
			sourceTree = "<group>";
		};
		18D234D31EBB1C9E00BF855D /* Entertainment */ = {
			isa = PBXGroup;
			children = (
				18D234D41EBB1CBB00BF855D /* JWEntertainmentViewController.swift */,
				18D234D51EBB1CBB00BF855D /* JWEntertainmentViewController.xib */,
			);
			path = Entertainment;
			sourceTree = "<group>";
		};
		3FA783A7BEA418DB0C7E4853 /* Frameworks */ = {
			isa = PBXGroup;
			children = (
				A580373AAE1FCA03A196884D /* libPods-SwiftDemo.a */,
			);
			name = Frameworks;
			sourceTree = "<group>";
		};
		A782B28AEDC634F5F30B93EE /* Pods */ = {
			isa = PBXGroup;
			children = (
				6E6BEC557064CE8B5B69CD7B /* Pods-SwiftDemo.debug.xcconfig */,
				C769C33842D5474F8AD24A00 /* Pods-SwiftDemo.release.xcconfig */,
			);
			name = Pods;
			sourceTree = "<group>";
		};
/* End PBXGroup section */

/* Begin PBXNativeTarget section */
		18D234901EBAFF6A00BF855D /* SwiftDemo */ = {
			isa = PBXNativeTarget;
			buildConfigurationList = 18D234A31EBAFF6A00BF855D /* Build configuration list for PBXNativeTarget "SwiftDemo" */;
			buildPhases = (
				73C5EEA3E4853D7A46A61941 /* [CP] Check Pods Manifest.lock */,
				18D2348D1EBAFF6A00BF855D /* Sources */,
				18D2348E1EBAFF6A00BF855D /* Frameworks */,
				18D2348F1EBAFF6A00BF855D /* Resources */,
				4BE5A4C65ADA1DCA0E59DE83 /* [CP] Embed Pods Frameworks */,
				E5B94EA92CDD005BE925C8E5 /* [CP] Copy Pods Resources */,
			);
			buildRules = (
			);
			dependencies = (
			);
			name = SwiftDemo;
			productName = SwiftDemo;
			productReference = 18D234911EBAFF6A00BF855D /* SwiftDemo.app */;
			productType = "com.apple.product-type.application";
		};
/* End PBXNativeTarget section */

/* Begin PBXProject section */
		18D234891EBAFF6A00BF855D /* Project object */ = {
			isa = PBXProject;
			attributes = {
				CLASSPREFIX = JW;
				LastSwiftUpdateCheck = 0820;
				LastUpgradeCheck = 0910;
				ORGANIZATIONNAME = UgoMedia;
				TargetAttributes = {
					18D234901EBAFF6A00BF855D = {
						CreatedOnToolsVersion = 8.2.1;
						DevelopmentTeam = CL7JKSS9Z7;
						LastSwiftMigration = 0910;
						ProvisioningStyle = Automatic;
					};
				};
			};
			buildConfigurationList = 18D2348C1EBAFF6A00BF855D /* Build configuration list for PBXProject "SwiftDemo" */;
			compatibilityVersion = "Xcode 3.2";
			developmentRegion = English;
			hasScannedForEncodings = 0;
			knownRegions = (
				en,
				Base,
			);
			mainGroup = 18D234881EBAFF6A00BF855D;
			productRefGroup = 18D234921EBAFF6A00BF855D /* Products */;
			projectDirPath = "";
			projectRoot = "";
			targets = (
				18D234901EBAFF6A00BF855D /* SwiftDemo */,
			);
		};
/* End PBXProject section */

/* Begin PBXResourcesBuildPhase section */
		18D2348F1EBAFF6A00BF855D /* Resources */ = {
			isa = PBXResourcesBuildPhase;
			buildActionMask = 2147483647;
			files = (
				18D2349F1EBAFF6A00BF855D /* LaunchScreen.storyboard in Resources */,
				18D234D21EBB1C9600BF855D /* JWUserCenterViewController.xib in Resources */,
				1826CFCE1FB2E03E0058E637 /* JWUserEditViewController.xib in Resources */,
				1826CFB21FB2DFB30058E637 /* JWUserDynamicViewController.xib in Resources */,
				1826CFA61FB2DF700058E637 /* JWuserActivityViewController.xib in Resources */,
				1826CFA21FB2DF620058E637 /* JWUserTopicViewController.xib in Resources */,
				1826CFC61FB2E0030058E637 /* JWUserSettingViewController.xib in Resources */,
				1826CFAE1FB2DF950058E637 /* JWUserFansViewController.xib in Resources */,
				1826CFBE1FB2DFE40058E637 /* JWSysNotificationViewController.xib in Resources */,
				18D234B61EBB033B00BF855D /* JWHomeTableViewCell.xib in Resources */,
				18D234B11EBB024700BF855D /* JWHomeViewController.xib in Resources */,
				1826CFC21FB2DFF60058E637 /* JWUserMessageViewController.xib in Resources */,
				1826CFB61FB2DFC30058E637 /* JWUserCollectionViewController.xib in Resources */,
				1826CFBA1FB2DFCF0058E637 /* JWUserOrderViewController.xib in Resources */,
				18D234C31EBB136C00BF855D /* JWHomeDetailViewController.xib in Resources */,
				18D234C81EBB1C4700BF855D /* JWToolViewController.xib in Resources */,
				18D2349C1EBAFF6A00BF855D /* Assets.xcassets in Resources */,
				1826CFAA1FB2DF830058E637 /* JWIntegralShopViewController.xib in Resources */,
				1826CF9E1FB2DF490058E637 /* JWSignInViewController.xib in Resources */,
				1826CF9A1FB2DD750058E637 /* JWUserIntegralViewController.xib in Resources */,
				18D234BF1EBB12EC00BF855D /* JWHomeCollectionViewCell.xib in Resources */,
				1826CFCA1FB2E0100058E637 /* JWUserPhoneCheckViewController.xib in Resources */,
				18D234D71EBB1CBB00BF855D /* JWEntertainmentViewController.xib in Resources */,
				18D234CD1EBB1C7B00BF855D /* JWTopicViewController.xib in Resources */,
			);
			runOnlyForDeploymentPostprocessing = 0;
		};
/* End PBXResourcesBuildPhase section */

/* Begin PBXShellScriptBuildPhase section */
		4BE5A4C65ADA1DCA0E59DE83 /* [CP] Embed Pods Frameworks */ = {
			isa = PBXShellScriptBuildPhase;
			buildActionMask = 2147483647;
			files = (
			);
			inputPaths = (
			);
			name = "[CP] Embed Pods Frameworks";
			outputPaths = (
			);
			runOnlyForDeploymentPostprocessing = 0;
			shellPath = /bin/sh;
			shellScript = "\"${SRCROOT}/Pods/Target Support Files/Pods-SwiftDemo/Pods-SwiftDemo-frameworks.sh\"\n";
			showEnvVarsInLog = 0;
		};
		73C5EEA3E4853D7A46A61941 /* [CP] Check Pods Manifest.lock */ = {
			isa = PBXShellScriptBuildPhase;
			buildActionMask = 2147483647;
			files = (
			);
			inputPaths = (
			);
			name = "[CP] Check Pods Manifest.lock";
			outputPaths = (
			);
			runOnlyForDeploymentPostprocessing = 0;
			shellPath = /bin/sh;
			shellScript = "diff \"${PODS_ROOT}/../Podfile.lock\" \"${PODS_ROOT}/Manifest.lock\" > /dev/null\nif [ $? != 0 ] ; then\n    # print error to STDERR\n    echo \"error: The sandbox is not in sync with the Podfile.lock. Run 'pod install' or update your CocoaPods installation.\" >&2\n    exit 1\nfi\n";
			showEnvVarsInLog = 0;
		};
		E5B94EA92CDD005BE925C8E5 /* [CP] Copy Pods Resources */ = {
			isa = PBXShellScriptBuildPhase;
			buildActionMask = 2147483647;
			files = (
			);
			inputPaths = (
			);
			name = "[CP] Copy Pods Resources";
			outputPaths = (
			);
			runOnlyForDeploymentPostprocessing = 0;
			shellPath = /bin/sh;
			shellScript = "\"${SRCROOT}/Pods/Target Support Files/Pods-SwiftDemo/Pods-SwiftDemo-resources.sh\"\n";
			showEnvVarsInLog = 0;
		};
/* End PBXShellScriptBuildPhase section */

/* Begin PBXSourcesBuildPhase section */
		18D2348D1EBAFF6A00BF855D /* Sources */ = {
			isa = PBXSourcesBuildPhase;
			buildActionMask = 2147483647;
			files = (
				1826CFBD1FB2DFE40058E637 /* JWSysNotificationViewController.swift in Sources */,
				18D234D11EBB1C9600BF855D /* JWUserCenterViewController.swift in Sources */,
				184B07C81FB158A900B7C016 /* JWFontAdaptor.swift in Sources */,
				184B07D01FB15C7A00B7C016 /* JWTextField.swift in Sources */,
				18D234BB1EBB0C4C00BF855D /* JWHomeDetailModel.swift in Sources */,
				18D234AC1EBB003E00BF855D /* JWBasicViewController.swift in Sources */,
				18D234B91EBB0B8900BF855D /* JWHomeModel.swift in Sources */,
				18D234A81EBB000E00BF855D /* JWBasicNaviViewController.swift in Sources */,
				184B07CE1FB15C6C00B7C016 /* JWTextView.swift in Sources */,
				18D234C21EBB136C00BF855D /* JWHomeDetailViewController.swift in Sources */,
				184B07CA1FB15C4800B7C016 /* JWLabel.swift in Sources */,
				18D234C71EBB1C4700BF855D /* JWToolViewController.swift in Sources */,
				18D234BE1EBB12EC00BF855D /* JWHomeCollectionViewCell.swift in Sources */,
				1826CFC51FB2E0030058E637 /* JWUserSettingViewController.swift in Sources */,
				1826CFA11FB2DF620058E637 /* JWUserTopicViewController.swift in Sources */,
				184B07C41FB147BD00B7C016 /* JWSwiftConst.swift in Sources */,
				18D234D91EBB26FC00BF855D /* JWHomeDetailsModel.swift in Sources */,
				18D234951EBAFF6A00BF855D /* AppDelegate.swift in Sources */,
				1826CFB11FB2DFB30058E637 /* JWUserDynamicViewController.swift in Sources */,
				18F122281EBC3D490060FBF5 /* JWTools.swift in Sources */,
				18D234B51EBB033B00BF855D /* JWHomeTableViewCell.swift in Sources */,
				1826CF951FB2B2CD0058E637 /* JWNaviBarButton.swift in Sources */,
				1826CF9D1FB2DF490058E637 /* JWSignInViewController.swift in Sources */,
				1826CFB91FB2DFCF0058E637 /* JWUserOrderViewController.swift in Sources */,
				1826CF991FB2DD750058E637 /* JWUserIntegralViewController.swift in Sources */,
				1826CFC11FB2DFF60058E637 /* JWUserMessageViewController.swift in Sources */,
				18D234D61EBB1CBB00BF855D /* JWEntertainmentViewController.swift in Sources */,
				1826CFAD1FB2DF950058E637 /* JWUserFansViewController.swift in Sources */,
				18D234AA1EBB002A00BF855D /* JWBasicTabBarViewController.swift in Sources */,
				18D234B01EBB024700BF855D /* JWHomeViewController.swift in Sources */,
				1826CFCD1FB2E03E0058E637 /* JWUserEditViewController.swift in Sources */,
				1826CFC91FB2E0100058E637 /* JWUserPhoneCheckViewController.swift in Sources */,
				184B07CC1FB15C5700B7C016 /* JWButton.swift in Sources */,
				1826CFA91FB2DF830058E637 /* JWIntegralShopViewController.swift in Sources */,
				18D234CC1EBB1C7B00BF855D /* JWTopicViewController.swift in Sources */,
				1826CFB51FB2DFC30058E637 /* JWUserCollectionViewController.swift in Sources */,
				1826CFA51FB2DF700058E637 /* JWuserActivityViewController.swift in Sources */,
			);
			runOnlyForDeploymentPostprocessing = 0;
		};
/* End PBXSourcesBuildPhase section */

/* Begin PBXVariantGroup section */
		18D2349D1EBAFF6A00BF855D /* LaunchScreen.storyboard */ = {
			isa = PBXVariantGroup;
			children = (
				18D2349E1EBAFF6A00BF855D /* Base */,
			);
			name = LaunchScreen.storyboard;
			sourceTree = "<group>";
		};
/* End PBXVariantGroup section */

/* Begin XCBuildConfiguration section */
		18D234A11EBAFF6A00BF855D /* Debug */ = {
			isa = XCBuildConfiguration;
			buildSettings = {
				ALWAYS_SEARCH_USER_PATHS = NO;
				CLANG_ANALYZER_NONNULL = YES;
				CLANG_CXX_LANGUAGE_STANDARD = "gnu++0x";
				CLANG_CXX_LIBRARY = "libc++";
				CLANG_ENABLE_MODULES = YES;
				CLANG_ENABLE_OBJC_ARC = YES;
				CLANG_WARN_BLOCK_CAPTURE_AUTORELEASING = YES;
				CLANG_WARN_BOOL_CONVERSION = YES;
				CLANG_WARN_COMMA = YES;
				CLANG_WARN_CONSTANT_CONVERSION = YES;
				CLANG_WARN_DIRECT_OBJC_ISA_USAGE = YES_ERROR;
				CLANG_WARN_DOCUMENTATION_COMMENTS = YES;
				CLANG_WARN_EMPTY_BODY = YES;
				CLANG_WARN_ENUM_CONVERSION = YES;
				CLANG_WARN_INFINITE_RECURSION = YES;
				CLANG_WARN_INT_CONVERSION = YES;
				CLANG_WARN_NON_LITERAL_NULL_CONVERSION = YES;
				CLANG_WARN_OBJC_LITERAL_CONVERSION = YES;
				CLANG_WARN_OBJC_ROOT_CLASS = YES_ERROR;
				CLANG_WARN_RANGE_LOOP_ANALYSIS = YES;
				CLANG_WARN_STRICT_PROTOTYPES = YES;
				CLANG_WARN_SUSPICIOUS_MOVE = YES;
				CLANG_WARN_UNREACHABLE_CODE = YES;
				CLANG_WARN__DUPLICATE_METHOD_MATCH = YES;
				"CODE_SIGN_IDENTITY[sdk=iphoneos*]" = "iPhone Developer";
				COPY_PHASE_STRIP = NO;
				DEBUG_INFORMATION_FORMAT = dwarf;
				ENABLE_STRICT_OBJC_MSGSEND = YES;
				ENABLE_TESTABILITY = YES;
				GCC_C_LANGUAGE_STANDARD = gnu99;
				GCC_DYNAMIC_NO_PIC = NO;
				GCC_NO_COMMON_BLOCKS = YES;
				GCC_OPTIMIZATION_LEVEL = 0;
				GCC_PREPROCESSOR_DEFINITIONS = (
					"DEBUG=1",
					"$(inherited)",
				);
				GCC_WARN_64_TO_32_BIT_CONVERSION = YES;
				GCC_WARN_ABOUT_RETURN_TYPE = YES_ERROR;
				GCC_WARN_UNDECLARED_SELECTOR = YES;
				GCC_WARN_UNINITIALIZED_AUTOS = YES_AGGRESSIVE;
				GCC_WARN_UNUSED_FUNCTION = YES;
				GCC_WARN_UNUSED_VARIABLE = YES;
				IPHONEOS_DEPLOYMENT_TARGET = 8.0;
				MTL_ENABLE_DEBUG_INFO = YES;
				ONLY_ACTIVE_ARCH = YES;
				SDKROOT = iphoneos;
				SWIFT_ACTIVE_COMPILATION_CONDITIONS = DEBUG;
				SWIFT_OPTIMIZATION_LEVEL = "-Onone";
				TARGETED_DEVICE_FAMILY = "1,2";
			};
			name = Debug;
		};
		18D234A21EBAFF6A00BF855D /* Release */ = {
			isa = XCBuildConfiguration;
			buildSettings = {
				ALWAYS_SEARCH_USER_PATHS = NO;
				CLANG_ANALYZER_NONNULL = YES;
				CLANG_CXX_LANGUAGE_STANDARD = "gnu++0x";
				CLANG_CXX_LIBRARY = "libc++";
				CLANG_ENABLE_MODULES = YES;
				CLANG_ENABLE_OBJC_ARC = YES;
				CLANG_WARN_BLOCK_CAPTURE_AUTORELEASING = YES;
				CLANG_WARN_BOOL_CONVERSION = YES;
				CLANG_WARN_COMMA = YES;
				CLANG_WARN_CONSTANT_CONVERSION = YES;
				CLANG_WARN_DIRECT_OBJC_ISA_USAGE = YES_ERROR;
				CLANG_WARN_DOCUMENTATION_COMMENTS = YES;
				CLANG_WARN_EMPTY_BODY = YES;
				CLANG_WARN_ENUM_CONVERSION = YES;
				CLANG_WARN_INFINITE_RECURSION = YES;
				CLANG_WARN_INT_CONVERSION = YES;
				CLANG_WARN_NON_LITERAL_NULL_CONVERSION = YES;
				CLANG_WARN_OBJC_LITERAL_CONVERSION = YES;
				CLANG_WARN_OBJC_ROOT_CLASS = YES_ERROR;
				CLANG_WARN_RANGE_LOOP_ANALYSIS = YES;
				CLANG_WARN_STRICT_PROTOTYPES = YES;
				CLANG_WARN_SUSPICIOUS_MOVE = YES;
				CLANG_WARN_UNREACHABLE_CODE = YES;
				CLANG_WARN__DUPLICATE_METHOD_MATCH = YES;
				"CODE_SIGN_IDENTITY[sdk=iphoneos*]" = "iPhone Developer";
				COPY_PHASE_STRIP = NO;
				DEBUG_INFORMATION_FORMAT = "dwarf-with-dsym";
				ENABLE_NS_ASSERTIONS = NO;
				ENABLE_STRICT_OBJC_MSGSEND = YES;
				GCC_C_LANGUAGE_STANDARD = gnu99;
				GCC_NO_COMMON_BLOCKS = YES;
				GCC_WARN_64_TO_32_BIT_CONVERSION = YES;
				GCC_WARN_ABOUT_RETURN_TYPE = YES_ERROR;
				GCC_WARN_UNDECLARED_SELECTOR = YES;
				GCC_WARN_UNINITIALIZED_AUTOS = YES_AGGRESSIVE;
				GCC_WARN_UNUSED_FUNCTION = YES;
				GCC_WARN_UNUSED_VARIABLE = YES;
				IPHONEOS_DEPLOYMENT_TARGET = 8.0;
				MTL_ENABLE_DEBUG_INFO = NO;
				SDKROOT = iphoneos;
				SWIFT_OPTIMIZATION_LEVEL = "-Owholemodule";
				TARGETED_DEVICE_FAMILY = "1,2";
				VALIDATE_PRODUCT = YES;
			};
			name = Release;
		};
		18D234A41EBAFF6A00BF855D /* Debug */ = {
			isa = XCBuildConfiguration;
			baseConfigurationReference = 6E6BEC557064CE8B5B69CD7B /* Pods-SwiftDemo.debug.xcconfig */;
			buildSettings = {
				ASSETCATALOG_COMPILER_APPICON_NAME = AppIcon;
				"CODE_SIGN_IDENTITY[sdk=iphoneos*]" = "iPhone Developer";
				DEVELOPMENT_TEAM = CL7JKSS9Z7;
				INFOPLIST_FILE = SwiftDemo/Info.plist;
				IPHONEOS_DEPLOYMENT_TARGET = 8.0;
				LD_RUNPATH_SEARCH_PATHS = "$(inherited) @executable_path/Frameworks";
				PRODUCT_BUNDLE_IDENTIFIER = com.UgoMedia.SwiftDemo;
				PRODUCT_NAME = "$(TARGET_NAME)";
				SWIFT_VERSION = 4.0;
			};
			name = Debug;
		};
		18D234A51EBAFF6A00BF855D /* Release */ = {
			isa = XCBuildConfiguration;
			baseConfigurationReference = C769C33842D5474F8AD24A00 /* Pods-SwiftDemo.release.xcconfig */;
			buildSettings = {
				ASSETCATALOG_COMPILER_APPICON_NAME = AppIcon;
				"CODE_SIGN_IDENTITY[sdk=iphoneos*]" = "iPhone Developer";
				DEVELOPMENT_TEAM = CL7JKSS9Z7;
				INFOPLIST_FILE = SwiftDemo/Info.plist;
				IPHONEOS_DEPLOYMENT_TARGET = 8.0;
				LD_RUNPATH_SEARCH_PATHS = "$(inherited) @executable_path/Frameworks";
				PRODUCT_BUNDLE_IDENTIFIER = com.UgoMedia.SwiftDemo;
				PRODUCT_NAME = "$(TARGET_NAME)";
				SWIFT_VERSION = 4.0;
			};
			name = Release;
		};
/* End XCBuildConfiguration section */

/* Begin XCConfigurationList section */
		18D2348C1EBAFF6A00BF855D /* Build configuration list for PBXProject "SwiftDemo" */ = {
			isa = XCConfigurationList;
			buildConfigurations = (
				18D234A11EBAFF6A00BF855D /* Debug */,
				18D234A21EBAFF6A00BF855D /* Release */,
			);
			defaultConfigurationIsVisible = 0;
			defaultConfigurationName = Release;
		};
		18D234A31EBAFF6A00BF855D /* Build configuration list for PBXNativeTarget "SwiftDemo" */ = {
			isa = XCConfigurationList;
			buildConfigurations = (
				18D234A41EBAFF6A00BF855D /* Debug */,
				18D234A51EBAFF6A00BF855D /* Release */,
			);
			defaultConfigurationIsVisible = 0;
			defaultConfigurationName = Release;
		};
/* End XCConfigurationList section */
	};
	rootObject = 18D234891EBAFF6A00BF855D /* Project object */;
}
