// !$*UTF8*$!
{
	archiveVersion = 1;
	classes = {
	};
	objectVersion = 46;
	objects = {

/* Begin PBXBuildFile section */
		184B07C41FB147BD00B7C016 /* JWSwiftConst.swift in Sources */ = {isa = PBXBuildFile; fileRef = 184B07C31FB147BD00B7C016 /* JWSwiftConst.swift */; };
		18D234951EBAFF6A00BF855D /* AppDelegate.swift in Sources */ = {isa = PBXBuildFile; fileRef = 18D234941EBAFF6A00BF855D /* AppDelegate.swift */; };
		18D2349C1EBAFF6A00BF855D /* Assets.xcassets in Resources */ = {isa = PBXBuildFile; fileRef = 18D2349B1EBAFF6A00BF855D /* Assets.xcassets */; };
		18D2349F1EBAFF6A00BF855D /* LaunchScreen.storyboard in Resources */ = {isa = PBXBuildFile; fileRef = 18D2349D1EBAFF6A00BF855D /* LaunchScreen.storyboard */; };
		18D234A81EBB000E00BF855D /* JWBasicNaviViewController.swift in Sources */ = {isa = PBXBuildFile; fileRef = 18D234A71EBB000E00BF855D /* JWBasicNaviViewController.swift */; };
		18D234AA1EBB002A00BF855D /* JWBasicTabBarViewController.swift in Sources */ = {isa = PBXBuildFile; fileRef = 18D234A91EBB002A00BF855D /* JWBasicTabBarViewController.swift */; };
		18D234AC1EBB003E00BF855D /* JWBasicViewController.swift in Sources */ = {isa = PBXBuildFile; fileRef = 18D234AB1EBB003E00BF855D /* JWBasicViewController.swift */; };
		18D234B01EBB024700BF855D /* JWHomeViewController.swift in Sources */ = {isa = PBXBuildFile; fileRef = 18D234AE1EBB024700BF855D /* JWHomeViewController.swift */; };
		18D234B11EBB024700BF855D /* JWHomeViewController.xib in Resources */ = {isa = PBXBuildFile; fileRef = 18D234AF1EBB024700BF855D /* JWHomeViewController.xib */; };
		18D234B51EBB033B00BF855D /* JWHomeTableViewCell.swift in Sources */ = {isa = PBXBuildFile; fileRef = 18D234B31EBB033B00BF855D /* JWHomeTableViewCell.swift */; };
		18D234B61EBB033B00BF855D /* JWHomeTableViewCell.xib in Resources */ = {isa = PBXBuildFile; fileRef = 18D234B41EBB033B00BF855D /* JWHomeTableViewCell.xib */; };
		18D234B91EBB0B8900BF855D /* JWHomeModel.swift in Sources */ = {isa = PBXBuildFile; fileRef = 18D234B81EBB0B8900BF855D /* JWHomeModel.swift */; };
		18D234BB1EBB0C4C00BF855D /* JWHomeDetailModel.swift in Sources */ = {isa = PBXBuildFile; fileRef = 18D234BA1EBB0C4C00BF855D /* JWHomeDetailModel.swift */; };
		18D234BE1EBB12EC00BF855D /* JWHomeCollectionViewCell.swift in Sources */ = {isa = PBXBuildFile; fileRef = 18D234BC1EBB12EC00BF855D /* JWHomeCollectionViewCell.swift */; };
		18D234BF1EBB12EC00BF855D /* JWHomeCollectionViewCell.xib in Resources */ = {isa = PBXBuildFile; fileRef = 18D234BD1EBB12EC00BF855D /* JWHomeCollectionViewCell.xib */; };
		18D234C21EBB136C00BF855D /* JWHomeDetailViewController.swift in Sources */ = {isa = PBXBuildFile; fileRef = 18D234C01EBB136C00BF855D /* JWHomeDetailViewController.swift */; };
		18D234C31EBB136C00BF855D /* JWHomeDetailViewController.xib in Resources */ = {isa = PBXBuildFile; fileRef = 18D234C11EBB136C00BF855D /* JWHomeDetailViewController.xib */; };
		18D234C71EBB1C4700BF855D /* JWToolViewController.swift in Sources */ = {isa = PBXBuildFile; fileRef = 18D234C51EBB1C4700BF855D /* JWToolViewController.swift */; };
		18D234C81EBB1C4700BF855D /* JWToolViewController.xib in Resources */ = {isa = PBXBuildFile; fileRef = 18D234C61EBB1C4700BF855D /* JWToolViewController.xib */; };
		18D234CC1EBB1C7B00BF855D /* JWTopicViewController.swift in Sources */ = {isa = PBXBuildFile; fileRef = 18D234CA1EBB1C7B00BF855D /* JWTopicViewController.swift */; };
		18D234CD1EBB1C7B00BF855D /* JWTopicViewController.xib in Resources */ = {isa = PBXBuildFile; fileRef = 18D234CB1EBB1C7B00BF855D /* JWTopicViewController.xib */; };
		18D234D11EBB1C9600BF855D /* JWMeViewController.swift in Sources */ = {isa = PBXBuildFile; fileRef = 18D234CF1EBB1C9600BF855D /* JWMeViewController.swift */; };
		18D234D21EBB1C9600BF855D /* JWMeViewController.xib in Resources */ = {isa = PBXBuildFile; fileRef = 18D234D01EBB1C9600BF855D /* JWMeViewController.xib */; };
		18D234D61EBB1CBB00BF855D /* JWEntertainmentViewController.swift in Sources */ = {isa = PBXBuildFile; fileRef = 18D234D41EBB1CBB00BF855D /* JWEntertainmentViewController.swift */; };
		18D234D71EBB1CBB00BF855D /* JWEntertainmentViewController.xib in Resources */ = {isa = PBXBuildFile; fileRef = 18D234D51EBB1CBB00BF855D /* JWEntertainmentViewController.xib */; };
		18D234D91EBB26FC00BF855D /* JWHomeDetailsModel.swift in Sources */ = {isa = PBXBuildFile; fileRef = 18D234D81EBB26FC00BF855D /* JWHomeDetailsModel.swift */; };
		18F122281EBC3D490060FBF5 /* JWTools.swift in Sources */ = {isa = PBXBuildFile; fileRef = 18F122271EBC3D490060FBF5 /* JWTools.swift */; };
/* End PBXBuildFile section */

/* Begin PBXFileReference section */
		184B07C31FB147BD00B7C016 /* JWSwiftConst.swift */ = {isa = PBXFileReference; lastKnownFileType = sourcecode.swift; path = JWSwiftConst.swift; sourceTree = "<group>"; };
		18D234911EBAFF6A00BF855D /* SwiftDemo.app */ = {isa = PBXFileReference; explicitFileType = wrapper.application; includeInIndex = 0; path = SwiftDemo.app; sourceTree = BUILT_PRODUCTS_DIR; };
		18D234941EBAFF6A00BF855D /* AppDelegate.swift */ = {isa = PBXFileReference; lastKnownFileType = sourcecode.swift; path = AppDelegate.swift; sourceTree = "<group>"; };
		18D2349B1EBAFF6A00BF855D /* Assets.xcassets */ = {isa = PBXFileReference; lastKnownFileType = folder.assetcatalog; path = Assets.xcassets; sourceTree = "<group>"; };
		18D2349E1EBAFF6A00BF855D /* Base */ = {isa = PBXFileReference; lastKnownFileType = file.storyboard; name = Base; path = Base.lproj/LaunchScreen.storyboard; sourceTree = "<group>"; };
		18D234A01EBAFF6A00BF855D /* Info.plist */ = {isa = PBXFileReference; lastKnownFileType = text.plist.xml; path = Info.plist; sourceTree = "<group>"; };
		18D234A71EBB000E00BF855D /* JWBasicNaviViewController.swift */ = {isa = PBXFileReference; fileEncoding = 4; lastKnownFileType = sourcecode.swift; path = JWBasicNaviViewController.swift; sourceTree = "<group>"; };
		18D234A91EBB002A00BF855D /* JWBasicTabBarViewController.swift */ = {isa = PBXFileReference; fileEncoding = 4; lastKnownFileType = sourcecode.swift; path = JWBasicTabBarViewController.swift; sourceTree = "<group>"; };
		18D234AB1EBB003E00BF855D /* JWBasicViewController.swift */ = {isa = PBXFileReference; fileEncoding = 4; lastKnownFileType = sourcecode.swift; path = JWBasicViewController.swift; sourceTree = "<group>"; };
		18D234AE1EBB024700BF855D /* JWHomeViewController.swift */ = {isa = PBXFileReference; fileEncoding = 4; lastKnownFileType = sourcecode.swift; path = JWHomeViewController.swift; sourceTree = "<group>"; };
		18D234AF1EBB024700BF855D /* JWHomeViewController.xib */ = {isa = PBXFileReference; fileEncoding = 4; lastKnownFileType = file.xib; path = JWHomeViewController.xib; sourceTree = "<group>"; };
		18D234B31EBB033B00BF855D /* JWHomeTableViewCell.swift */ = {isa = PBXFileReference; fileEncoding = 4; lastKnownFileType = sourcecode.swift; path = JWHomeTableViewCell.swift; sourceTree = "<group>"; };
		18D234B41EBB033B00BF855D /* JWHomeTableViewCell.xib */ = {isa = PBXFileReference; fileEncoding = 4; lastKnownFileType = file.xib; path = JWHomeTableViewCell.xib; sourceTree = "<group>"; };
		18D234B81EBB0B8900BF855D /* JWHomeModel.swift */ = {isa = PBXFileReference; fileEncoding = 4; lastKnownFileType = sourcecode.swift; path = JWHomeModel.swift; sourceTree = "<group>"; };
		18D234BA1EBB0C4C00BF855D /* JWHomeDetailModel.swift */ = {isa = PBXFileReference; fileEncoding = 4; lastKnownFileType = sourcecode.swift; path = JWHomeDetailModel.swift; sourceTree = "<group>"; };
		18D234BC1EBB12EC00BF855D /* JWHomeCollectionViewCell.swift */ = {isa = PBXFileReference; fileEncoding = 4; lastKnownFileType = sourcecode.swift; path = JWHomeCollectionViewCell.swift; sourceTree = "<group>"; };
		18D234BD1EBB12EC00BF855D /* JWHomeCollectionViewCell.xib */ = {isa = PBXFileReference; fileEncoding = 4; lastKnownFileType = file.xib; path = JWHomeCollectionViewCell.xib; sourceTree = "<group>"; };
		18D234C01EBB136C00BF855D /* JWHomeDetailViewController.swift */ = {isa = PBXFileReference; fileEncoding = 4; lastKnownFileType = sourcecode.swift; path = JWHomeDetailViewController.swift; sourceTree = "<group>"; };
		18D234C11EBB136C00BF855D /* JWHomeDetailViewController.xib */ = {isa = PBXFileReference; fileEncoding = 4; lastKnownFileType = file.xib; path = JWHomeDetailViewController.xib; sourceTree = "<group>"; };
		18D234C51EBB1C4700BF855D /* JWToolViewController.swift */ = {isa = PBXFileReference; fileEncoding = 4; lastKnownFileType = sourcecode.swift; path = JWToolViewController.swift; sourceTree = "<group>"; };
		18D234C61EBB1C4700BF855D /* JWToolViewController.xib */ = {isa = PBXFileReference; fileEncoding = 4; lastKnownFileType = file.xib; path = JWToolViewController.xib; sourceTree = "<group>"; };
		18D234CA1EBB1C7B00BF855D /* JWTopicViewController.swift */ = {isa = PBXFileReference; fileEncoding = 4; lastKnownFileType = sourcecode.swift; path = JWTopicViewController.swift; sourceTree = "<group>"; };
		18D234CB1EBB1C7B00BF855D /* JWTopicViewController.xib */ = {isa = PBXFileReference; fileEncoding = 4; lastKnownFileType = file.xib; path = JWTopicViewController.xib; sourceTree = "<group>"; };
		18D234CF1EBB1C9600BF855D /* JWMeViewController.swift */ = {isa = PBXFileReference; fileEncoding = 4; lastKnownFileType = sourcecode.swift; path = JWMeViewController.swift; sourceTree = "<group>"; };
		18D234D01EBB1C9600BF855D /* JWMeViewController.xib */ = {isa = PBXFileReference; fileEncoding = 4; lastKnownFileType = file.xib; path = JWMeViewController.xib; sourceTree = "<group>"; };
		18D234D41EBB1CBB00BF855D /* JWEntertainmentViewController.swift */ = {isa = PBXFileReference; fileEncoding = 4; lastKnownFileType = sourcecode.swift; path = JWEntertainmentViewController.swift; sourceTree = "<group>"; };
		18D234D51EBB1CBB00BF855D /* JWEntertainmentViewController.xib */ = {isa = PBXFileReference; fileEncoding = 4; lastKnownFileType = file.xib; path = JWEntertainmentViewController.xib; sourceTree = "<group>"; };
		18D234D81EBB26FC00BF855D /* JWHomeDetailsModel.swift */ = {isa = PBXFileReference; fileEncoding = 4; lastKnownFileType = sourcecode.swift; path = JWHomeDetailsModel.swift; sourceTree = "<group>"; };
		18F122271EBC3D490060FBF5 /* JWTools.swift */ = {isa = PBXFileReference; fileEncoding = 4; lastKnownFileType = sourcecode.swift; path = JWTools.swift; sourceTree = "<group>"; };
/* End PBXFileReference section */

/* Begin PBXFrameworksBuildPhase section */
		18D2348E1EBAFF6A00BF855D /* Frameworks */ = {
			isa = PBXFrameworksBuildPhase;
			buildActionMask = 2147483647;
			files = (
			);
			runOnlyForDeploymentPostprocessing = 0;
		};
/* End PBXFrameworksBuildPhase section */

/* Begin PBXGroup section */
		184B07BF1FB146A900B7C016 /* SupportFiles */ = {
			isa = PBXGroup;
			children = (
				184B07C31FB147BD00B7C016 /* JWSwiftConst.swift */,
			);
			path = SupportFiles;
			sourceTree = "<group>";
		};
		18D234881EBAFF6A00BF855D = {
			isa = PBXGroup;
			children = (
				18D234931EBAFF6A00BF855D /* SwiftDemo */,
				18D234921EBAFF6A00BF855D /* Products */,
			);
			sourceTree = "<group>";
		};
		18D234921EBAFF6A00BF855D /* Products */ = {
			isa = PBXGroup;
			children = (
				18D234911EBAFF6A00BF855D /* SwiftDemo.app */,
			);
			name = Products;
			sourceTree = "<group>";
		};
		18D234931EBAFF6A00BF855D /* SwiftDemo */ = {
			isa = PBXGroup;
			children = (
				184B07BF1FB146A900B7C016 /* SupportFiles */,
				18D234D31EBB1C9E00BF855D /* Entertainment */,
				18D234CE1EBB1C7F00BF855D /* Me */,
				18D234C91EBB1C4F00BF855D /* Topic */,
				18D234C41EBB1C2E00BF855D /* ToolVC */,
				18D234AD1EBB01F600BF855D /* Home */,
				18D234A61EBAFFD300BF855D /* Common */,
				18D234941EBAFF6A00BF855D /* AppDelegate.swift */,
				18D2349B1EBAFF6A00BF855D /* Assets.xcassets */,
				18D2349D1EBAFF6A00BF855D /* LaunchScreen.storyboard */,
				18D234A01EBAFF6A00BF855D /* Info.plist */,
			);
			path = SwiftDemo;
			sourceTree = "<group>";
		};
		18D234A61EBAFFD300BF855D /* Common */ = {
			isa = PBXGroup;
			children = (
				18D234A71EBB000E00BF855D /* JWBasicNaviViewController.swift */,
				18D234A91EBB002A00BF855D /* JWBasicTabBarViewController.swift */,
				18D234AB1EBB003E00BF855D /* JWBasicViewController.swift */,
				18F122271EBC3D490060FBF5 /* JWTools.swift */,
			);
			path = Common;
			sourceTree = "<group>";
		};
		18D234AD1EBB01F600BF855D /* Home */ = {
			isa = PBXGroup;
			children = (
				18D234B71EBB0B6100BF855D /* Model */,
				18D234B21EBB031500BF855D /* Cell */,
				18D234AE1EBB024700BF855D /* JWHomeViewController.swift */,
				18D234AF1EBB024700BF855D /* JWHomeViewController.xib */,
				18D234C01EBB136C00BF855D /* JWHomeDetailViewController.swift */,
				18D234C11EBB136C00BF855D /* JWHomeDetailViewController.xib */,
			);
			path = Home;
			sourceTree = "<group>";
		};
		18D234B21EBB031500BF855D /* Cell */ = {
			isa = PBXGroup;
			children = (
				18D234B31EBB033B00BF855D /* JWHomeTableViewCell.swift */,
				18D234B41EBB033B00BF855D /* JWHomeTableViewCell.xib */,
				18D234BC1EBB12EC00BF855D /* JWHomeCollectionViewCell.swift */,
				18D234BD1EBB12EC00BF855D /* JWHomeCollectionViewCell.xib */,
			);
			path = Cell;
			sourceTree = "<group>";
		};
		18D234B71EBB0B6100BF855D /* Model */ = {
			isa = PBXGroup;
			children = (
				18D234B81EBB0B8900BF855D /* JWHomeModel.swift */,
				18D234BA1EBB0C4C00BF855D /* JWHomeDetailModel.swift */,
				18D234D81EBB26FC00BF855D /* JWHomeDetailsModel.swift */,
			);
			path = Model;
			sourceTree = "<group>";
		};
		18D234C41EBB1C2E00BF855D /* ToolVC */ = {
			isa = PBXGroup;
			children = (
				18D234C51EBB1C4700BF855D /* JWToolViewController.swift */,
				18D234C61EBB1C4700BF855D /* JWToolViewController.xib */,
			);
			path = ToolVC;
			sourceTree = "<group>";
		};
		18D234C91EBB1C4F00BF855D /* Topic */ = {
			isa = PBXGroup;
			children = (
				18D234CA1EBB1C7B00BF855D /* JWTopicViewController.swift */,
				18D234CB1EBB1C7B00BF855D /* JWTopicViewController.xib */,
			);
			path = Topic;
			sourceTree = "<group>";
		};
		18D234CE1EBB1C7F00BF855D /* Me */ = {
			isa = PBXGroup;
			children = (
				18D234CF1EBB1C9600BF855D /* JWMeViewController.swift */,
				18D234D01EBB1C9600BF855D /* JWMeViewController.xib */,
			);
			path = Me;
			sourceTree = "<group>";
		};
		18D234D31EBB1C9E00BF855D /* Entertainment */ = {
			isa = PBXGroup;
			children = (
				18D234D41EBB1CBB00BF855D /* JWEntertainmentViewController.swift */,
				18D234D51EBB1CBB00BF855D /* JWEntertainmentViewController.xib */,
			);
			path = Entertainment;
			sourceTree = "<group>";
		};
/* End PBXGroup section */

/* Begin PBXNativeTarget section */
		18D234901EBAFF6A00BF855D /* SwiftDemo */ = {
			isa = PBXNativeTarget;
			buildConfigurationList = 18D234A31EBAFF6A00BF855D /* Build configuration list for PBXNativeTarget "SwiftDemo" */;
			buildPhases = (
				18D2348D1EBAFF6A00BF855D /* Sources */,
				18D2348E1EBAFF6A00BF855D /* Frameworks */,
				18D2348F1EBAFF6A00BF855D /* Resources */,
			);
			buildRules = (
			);
			dependencies = (
			);
			name = SwiftDemo;
			productName = SwiftDemo;
			productReference = 18D234911EBAFF6A00BF855D /* SwiftDemo.app */;
			productType = "com.apple.product-type.application";
		};
/* End PBXNativeTarget section */

/* Begin PBXProject section */
		18D234891EBAFF6A00BF855D /* Project object */ = {
			isa = PBXProject;
			attributes = {
				CLASSPREFIX = JW;
				LastSwiftUpdateCheck = 0820;
				LastUpgradeCheck = 0820;
				ORGANIZATIONNAME = UgoMedia;
				TargetAttributes = {
					18D234901EBAFF6A00BF855D = {
						CreatedOnToolsVersion = 8.2.1;
						DevelopmentTeam = CL7JKSS9Z7;
						ProvisioningStyle = Automatic;
					};
				};
			};
			buildConfigurationList = 18D2348C1EBAFF6A00BF855D /* Build configuration list for PBXProject "SwiftDemo" */;
			compatibilityVersion = "Xcode 3.2";
			developmentRegion = English;
			hasScannedForEncodings = 0;
			knownRegions = (
				en,
				Base,
			);
			mainGroup = 18D234881EBAFF6A00BF855D;
			productRefGroup = 18D234921EBAFF6A00BF855D /* Products */;
			projectDirPath = "";
			projectRoot = "";
			targets = (
				18D234901EBAFF6A00BF855D /* SwiftDemo */,
			);
		};
/* End PBXProject section */

/* Begin PBXResourcesBuildPhase section */
		18D2348F1EBAFF6A00BF855D /* Resources */ = {
			isa = PBXResourcesBuildPhase;
			buildActionMask = 2147483647;
			files = (
				18D2349F1EBAFF6A00BF855D /* LaunchScreen.storyboard in Resources */,
				18D234D21EBB1C9600BF855D /* JWMeViewController.xib in Resources */,
				18D234B61EBB033B00BF855D /* JWHomeTableViewCell.xib in Resources */,
				18D234B11EBB024700BF855D /* JWHomeViewController.xib in Resources */,
				18D234C31EBB136C00BF855D /* JWHomeDetailViewController.xib in Resources */,
				18D234C81EBB1C4700BF855D /* JWToolViewController.xib in Resources */,
				18D2349C1EBAFF6A00BF855D /* Assets.xcassets in Resources */,
				18D234BF1EBB12EC00BF855D /* JWHomeCollectionViewCell.xib in Resources */,
				18D234D71EBB1CBB00BF855D /* JWEntertainmentViewController.xib in Resources */,
				18D234CD1EBB1C7B00BF855D /* JWTopicViewController.xib in Resources */,
			);
			runOnlyForDeploymentPostprocessing = 0;
		};
/* End PBXResourcesBuildPhase section */

/* Begin PBXSourcesBuildPhase section */
		18D2348D1EBAFF6A00BF855D /* Sources */ = {
			isa = PBXSourcesBuildPhase;
			buildActionMask = 2147483647;
			files = (
				18D234D11EBB1C9600BF855D /* JWMeViewController.swift in Sources */,
				18D234BB1EBB0C4C00BF855D /* JWHomeDetailModel.swift in Sources */,
				18D234AC1EBB003E00BF855D /* JWBasicViewController.swift in Sources */,
				18D234B91EBB0B8900BF855D /* JWHomeModel.swift in Sources */,
				18D234A81EBB000E00BF855D /* JWBasicNaviViewController.swift in Sources */,
				18D234C21EBB136C00BF855D /* JWHomeDetailViewController.swift in Sources */,
				18D234C71EBB1C4700BF855D /* JWToolViewController.swift in Sources */,
				18D234BE1EBB12EC00BF855D /* JWHomeCollectionViewCell.swift in Sources */,
				184B07C41FB147BD00B7C016 /* JWSwiftConst.swift in Sources */,
				18D234D91EBB26FC00BF855D /* JWHomeDetailsModel.swift in Sources */,
				18D234951EBAFF6A00BF855D /* AppDelegate.swift in Sources */,
				18F122281EBC3D490060FBF5 /* JWTools.swift in Sources */,
				18D234B51EBB033B00BF855D /* JWHomeTableViewCell.swift in Sources */,
				18D234D61EBB1CBB00BF855D /* JWEntertainmentViewController.swift in Sources */,
				18D234AA1EBB002A00BF855D /* JWBasicTabBarViewController.swift in Sources */,
				18D234B01EBB024700BF855D /* JWHomeViewController.swift in Sources */,
				18D234CC1EBB1C7B00BF855D /* JWTopicViewController.swift in Sources */,
			);
			runOnlyForDeploymentPostprocessing = 0;
		};
/* End PBXSourcesBuildPhase section */

/* Begin PBXVariantGroup section */
		18D2349D1EBAFF6A00BF855D /* LaunchScreen.storyboard */ = {
			isa = PBXVariantGroup;
			children = (
				18D2349E1EBAFF6A00BF855D /* Base */,
			);
			name = LaunchScreen.storyboard;
			sourceTree = "<group>";
		};
/* End PBXVariantGroup section */

/* Begin XCBuildConfiguration section */
		18D234A11EBAFF6A00BF855D /* Debug */ = {
			isa = XCBuildConfiguration;
			buildSettings = {
				ALWAYS_SEARCH_USER_PATHS = NO;
				CLANG_ANALYZER_NONNULL = YES;
				CLANG_CXX_LANGUAGE_STANDARD = "gnu++0x";
				CLANG_CXX_LIBRARY = "libc++";
				CLANG_ENABLE_MODULES = YES;
				CLANG_ENABLE_OBJC_ARC = YES;
				CLANG_WARN_BOOL_CONVERSION = YES;
				CLANG_WARN_CONSTANT_CONVERSION = YES;
				CLANG_WARN_DIRECT_OBJC_ISA_USAGE = YES_ERROR;
				CLANG_WARN_DOCUMENTATION_COMMENTS = YES;
				CLANG_WARN_EMPTY_BODY = YES;
				CLANG_WARN_ENUM_CONVERSION = YES;
				CLANG_WARN_INFINITE_RECURSION = YES;
				CLANG_WARN_INT_CONVERSION = YES;
				CLANG_WARN_OBJC_ROOT_CLASS = YES_ERROR;
				CLANG_WARN_SUSPICIOUS_MOVE = YES;
				CLANG_WARN_UNREACHABLE_CODE = YES;
				CLANG_WARN__DUPLICATE_METHOD_MATCH = YES;
				"CODE_SIGN_IDENTITY[sdk=iphoneos*]" = "iPhone Developer";
				COPY_PHASE_STRIP = NO;
				DEBUG_INFORMATION_FORMAT = dwarf;
				ENABLE_STRICT_OBJC_MSGSEND = YES;
				ENABLE_TESTABILITY = YES;
				GCC_C_LANGUAGE_STANDARD = gnu99;
				GCC_DYNAMIC_NO_PIC = NO;
				GCC_NO_COMMON_BLOCKS = YES;
				GCC_OPTIMIZATION_LEVEL = 0;
				GCC_PREPROCESSOR_DEFINITIONS = (
					"DEBUG=1",
					"$(inherited)",
				);
				GCC_WARN_64_TO_32_BIT_CONVERSION = YES;
				GCC_WARN_ABOUT_RETURN_TYPE = YES_ERROR;
				GCC_WARN_UNDECLARED_SELECTOR = YES;
				GCC_WARN_UNINITIALIZED_AUTOS = YES_AGGRESSIVE;
				GCC_WARN_UNUSED_FUNCTION = YES;
				GCC_WARN_UNUSED_VARIABLE = YES;
				IPHONEOS_DEPLOYMENT_TARGET = 10.2;
				MTL_ENABLE_DEBUG_INFO = YES;
				ONLY_ACTIVE_ARCH = YES;
				SDKROOT = iphoneos;
				SWIFT_ACTIVE_COMPILATION_CONDITIONS = DEBUG;
				SWIFT_OPTIMIZATION_LEVEL = "-Onone";
				TARGETED_DEVICE_FAMILY = "1,2";
			};
			name = Debug;
		};
		18D234A21EBAFF6A00BF855D /* Release */ = {
			isa = XCBuildConfiguration;
			buildSettings = {
				ALWAYS_SEARCH_USER_PATHS = NO;
				CLANG_ANALYZER_NONNULL = YES;
				CLANG_CXX_LANGUAGE_STANDARD = "gnu++0x";
				CLANG_CXX_LIBRARY = "libc++";
				CLANG_ENABLE_MODULES = YES;
				CLANG_ENABLE_OBJC_ARC = YES;
				CLANG_WARN_BOOL_CONVERSION = YES;
				CLANG_WARN_CONSTANT_CONVERSION = YES;
				CLANG_WARN_DIRECT_OBJC_ISA_USAGE = YES_ERROR;
				CLANG_WARN_DOCUMENTATION_COMMENTS = YES;
				CLANG_WARN_EMPTY_BODY = YES;
				CLANG_WARN_ENUM_CONVERSION = YES;
				CLANG_WARN_INFINITE_RECURSION = YES;
				CLANG_WARN_INT_CONVERSION = YES;
				CLANG_WARN_OBJC_ROOT_CLASS = YES_ERROR;
				CLANG_WARN_SUSPICIOUS_MOVE = YES;
				CLANG_WARN_UNREACHABLE_CODE = YES;
				CLANG_WARN__DUPLICATE_METHOD_MATCH = YES;
				"CODE_SIGN_IDENTITY[sdk=iphoneos*]" = "iPhone Developer";
				COPY_PHASE_STRIP = NO;
				DEBUG_INFORMATION_FORMAT = "dwarf-with-dsym";
				ENABLE_NS_ASSERTIONS = NO;
				ENABLE_STRICT_OBJC_MSGSEND = YES;
				GCC_C_LANGUAGE_STANDARD = gnu99;
				GCC_NO_COMMON_BLOCKS = YES;
				GCC_WARN_64_TO_32_BIT_CONVERSION = YES;
				GCC_WARN_ABOUT_RETURN_TYPE = YES_ERROR;
				GCC_WARN_UNDECLARED_SELECTOR = YES;
				GCC_WARN_UNINITIALIZED_AUTOS = YES_AGGRESSIVE;
				GCC_WARN_UNUSED_FUNCTION = YES;
				GCC_WARN_UNUSED_VARIABLE = YES;
				IPHONEOS_DEPLOYMENT_TARGET = 10.2;
				MTL_ENABLE_DEBUG_INFO = NO;
				SDKROOT = iphoneos;
				SWIFT_OPTIMIZATION_LEVEL = "-Owholemodule";
				TARGETED_DEVICE_FAMILY = "1,2";
				VALIDATE_PRODUCT = YES;
			};
			name = Release;
		};
		18D234A41EBAFF6A00BF855D /* Debug */ = {
			isa = XCBuildConfiguration;
			buildSettings = {
				ASSETCATALOG_COMPILER_APPICON_NAME = AppIcon;
				"CODE_SIGN_IDENTITY[sdk=iphoneos*]" = "iPhone Developer";
				DEVELOPMENT_TEAM = CL7JKSS9Z7;
				INFOPLIST_FILE = SwiftDemo/Info.plist;
				IPHONEOS_DEPLOYMENT_TARGET = 8.0;
				LD_RUNPATH_SEARCH_PATHS = "$(inherited) @executable_path/Frameworks";
				PRODUCT_BUNDLE_IDENTIFIER = com.UgoMedia.SwiftDemo;
				PRODUCT_NAME = "$(TARGET_NAME)";
				SWIFT_VERSION = 3.0;
			};
			name = Debug;
		};
		18D234A51EBAFF6A00BF855D /* Release */ = {
			isa = XCBuildConfiguration;
			buildSettings = {
				ASSETCATALOG_COMPILER_APPICON_NAME = AppIcon;
				"CODE_SIGN_IDENTITY[sdk=iphoneos*]" = "iPhone Developer";
				DEVELOPMENT_TEAM = CL7JKSS9Z7;
				INFOPLIST_FILE = SwiftDemo/Info.plist;
				IPHONEOS_DEPLOYMENT_TARGET = 8.0;
				LD_RUNPATH_SEARCH_PATHS = "$(inherited) @executable_path/Frameworks";
				PRODUCT_BUNDLE_IDENTIFIER = com.UgoMedia.SwiftDemo;
				PRODUCT_NAME = "$(TARGET_NAME)";
				SWIFT_VERSION = 3.0;
			};
			name = Release;
		};
/* End XCBuildConfiguration section */

/* Begin XCConfigurationList section */
		18D2348C1EBAFF6A00BF855D /* Build configuration list for PBXProject "SwiftDemo" */ = {
			isa = XCConfigurationList;
			buildConfigurations = (
				18D234A11EBAFF6A00BF855D /* Debug */,
				18D234A21EBAFF6A00BF855D /* Release */,
			);
			defaultConfigurationIsVisible = 0;
			defaultConfigurationName = Release;
		};
		18D234A31EBAFF6A00BF855D /* Build configuration list for PBXNativeTarget "SwiftDemo" */ = {
			isa = XCConfigurationList;
			buildConfigurations = (
				18D234A41EBAFF6A00BF855D /* Debug */,
				18D234A51EBAFF6A00BF855D /* Release */,
			);
			defaultConfigurationIsVisible = 0;
			defaultConfigurationName = Release;
		};
/* End XCConfigurationList section */
	};
	rootObject = 18D234891EBAFF6A00BF855D /* Project object */;
}
